
Microsoft Visual Studio Solution File, Format Version 12.00
# Visual Studio Version 17
VisualStudioVersion = 17.8.34316.72
MinimumVisualStudioVersion = 10.0.40219.1
Project("{9A19103F-16F7-4668-BE54-9A1E7A4F7556}") = "GymAssistantv2.Server", "GymAssistantv2.Server\GymAssistantv2.Server.csproj", "{BA562C54-933C-4EA7-ABEF-1BD676279811}"
	ProjectSection(ProjectDependencies) = postProject
		{D6C1DD98-D7B8-4C80-A63D-6495288C40EC} = {D6C1DD98-D7B8-4C80-A63D-6495288C40EC}
	EndProjectSection
EndProject
Project("{54A90642-561A-4BB1-A94E-469ADEE60C69}") = "gymassistantv2.client", "gymassistantv2.client\gymassistantv2.client.esproj", "{94DC7E57-0E0A-45B6-AC2B-9038EA8F0687}"
EndProject
Project("{9A19103F-16F7-4668-BE54-9A1E7A4F7556}") = "Core", "Core\Core.csproj", "{70563E25-99BD-46D5-B419-DE6BEEB5FE72}"
EndProject
Project("{9A19103F-16F7-4668-BE54-9A1E7A4F7556}") = "DataAccess", "DataAccess\DataAccess.csproj", "{D6C1DD98-D7B8-4C80-A63D-6495288C40EC}"
EndProject
Project("{9A19103F-16F7-4668-BE54-9A1E7A4F7556}") = "Data.Common", "Data.Common\Data.Common.csproj", "{5C2C857E-FEEC-4EEB-B60B-DCB8B3236543}"
EndProject
Project("{FAE04EC0-301F-11D3-BF4B-00C04F79EFBC}") = "GymAssistant.Tests", "GymAssistant.Tests\GymAssistant.Tests.csproj", "{40C09E86-55AF-47F2-9271-2D06B9AA4131}"
EndProject
Global
	GlobalSection(SolutionConfigurationPlatforms) = preSolution
		Debug|Any CPU = Debug|Any CPU
		Release|Any CPU = Release|Any CPU
	EndGlobalSection
	GlobalSection(ProjectConfigurationPlatforms) = postSolution
		{BA562C54-933C-4EA7-ABEF-1BD676279811}.Debug|Any CPU.ActiveCfg = Debug|Any CPU
		{BA562C54-933C-4EA7-ABEF-1BD676279811}.Debug|Any CPU.Build.0 = Debug|Any CPU
		{BA562C54-933C-4EA7-ABEF-1BD676279811}.Release|Any CPU.ActiveCfg = Release|Any CPU
		{BA562C54-933C-4EA7-ABEF-1BD676279811}.Release|Any CPU.Build.0 = Release|Any CPU
		{94DC7E57-0E0A-45B6-AC2B-9038EA8F0687}.Debug|Any CPU.ActiveCfg = Debug|Any CPU
		{94DC7E57-0E0A-45B6-AC2B-9038EA8F0687}.Debug|Any CPU.Build.0 = Debug|Any CPU
		{94DC7E57-0E0A-45B6-AC2B-9038EA8F0687}.Debug|Any CPU.Deploy.0 = Debug|Any CPU
		{94DC7E57-0E0A-45B6-AC2B-9038EA8F0687}.Release|Any CPU.ActiveCfg = Release|Any CPU
		{94DC7E57-0E0A-45B6-AC2B-9038EA8F0687}.Release|Any CPU.Build.0 = Release|Any CPU
		{94DC7E57-0E0A-45B6-AC2B-9038EA8F0687}.Release|Any CPU.Deploy.0 = Release|Any CPU
		{70563E25-99BD-46D5-B419-DE6BEEB5FE72}.Debug|Any CPU.ActiveCfg = Debug|Any CPU
		{70563E25-99BD-46D5-B419-DE6BEEB5FE72}.Debug|Any CPU.Build.0 = Debug|Any CPU
		{70563E25-99BD-46D5-B419-DE6BEEB5FE72}.Release|Any CPU.ActiveCfg = Release|Any CPU
		{70563E25-99BD-46D5-B419-DE6BEEB5FE72}.Release|Any CPU.Build.0 = Release|Any CPU
		{D6C1DD98-D7B8-4C80-A63D-6495288C40EC}.Debug|Any CPU.ActiveCfg = Debug|Any CPU
		{D6C1DD98-D7B8-4C80-A63D-6495288C40EC}.Debug|Any CPU.Build.0 = Debug|Any CPU
		{D6C1DD98-D7B8-4C80-A63D-6495288C40EC}.Release|Any CPU.ActiveCfg = Release|Any CPU
		{D6C1DD98-D7B8-4C80-A63D-6495288C40EC}.Release|Any CPU.Build.0 = Release|Any CPU
		{5C2C857E-FEEC-4EEB-B60B-DCB8B3236543}.Debug|Any CPU.ActiveCfg = Debug|Any CPU
		{5C2C857E-FEEC-4EEB-B60B-DCB8B3236543}.Debug|Any CPU.Build.0 = Debug|Any CPU
		{5C2C857E-FEEC-4EEB-B60B-DCB8B3236543}.Release|Any CPU.ActiveCfg = Release|Any CPU
		{5C2C857E-FEEC-4EEB-B60B-DCB8B3236543}.Release|Any CPU.Build.0 = Release|Any CPU
		{40C09E86-55AF-47F2-9271-2D06B9AA4131}.Debug|Any CPU.ActiveCfg = Debug|Any CPU
		{40C09E86-55AF-47F2-9271-2D06B9AA4131}.Debug|Any CPU.Build.0 = Debug|Any CPU
		{40C09E86-55AF-47F2-9271-2D06B9AA4131}.Release|Any CPU.ActiveCfg = Release|Any CPU
		{40C09E86-55AF-47F2-9271-2D06B9AA4131}.Release|Any CPU.Build.0 = Release|Any CPU
	EndGlobalSection
	GlobalSection(SolutionProperties) = preSolution
		HideSolutionNode = FALSE
	EndGlobalSection
	GlobalSection(ExtensibilityGlobals) = postSolution
		SolutionGuid = {759FF8A2-F383-475B-A551-7CC3C5099D00}
	EndGlobalSection
EndGlobal
